# This file is automatically @generated by Poetry 2.2.1 and should not be changed by hand.

[[package]]
name = "anyio"
version = "4.14.2"
description = "High-level concurrency and networking framework on top of asyncio or Trio"
optional = false
python-versions = ">=3.10"
groups = ["main"]
files = [
    {file = "anyio-4.14.2-py3-none-any.whl", hash = "sha256:9f505dda5ac9f0c8309b5e8bd445a8c2bf7246f3ce950121e45ea15bc41d1494"},
    {file = "anyio-4.14.2.tar.gz", hash = "sha256:cfa139f3ed1a23ee8f88a145ddb5ac7605b8bbfd8592baacd7ce3d8bb4313c7f"},
]

[package.dependencies]
idna = ">=2.8"

[package.extras]
trio = ["trio (>=0.32.0)"]

[[package]]
name = "idna"
version = "3.19"
description = "Internationalized Domain Names in Applications (IDNA)"
optional = false
python-versions = ">=3.9"
groups = ["main"]
files = [
    {file = "idna-3.19-py3-none-any.whl", hash = "sha256:815e7be7a7806d54abb586dc943addc79e8b2ee16915059658cbeff4b1b43bf4"},
    {file = "idna-3.19.tar.gz", hash = "sha256:5e0811a4383b21dc5838069f801c4fb62113b7447663d2530d2bd6e77b49bf15"},
]

[package.extras]
all = ["coverage (>=7.10.0)", "hypothesis (>=6.141.1)", "mypy (>=1.11.2)", "pytest (>=8.3.2)", "ruff (>=0.16.0)", "ty (>=0.0.37)"]

[[package]]
name = "prometheus-client"
version = "0.26.0"
description = "Python client for the Prometheus monitoring system."
optional = false
python-versions = ">=3.9"
groups = ["main"]
files = [
    {file = "prometheus_client-0.26.0-py3-none-any.whl", hash = "sha256:fa93d06737aa02bacd05794768508bb97d2fbee28cb3bca04eaae92f0ca953d6"},
    {file = "prometheus_client-0.26.0.tar.gz", hash = "sha256:04a91bcf94e2cf74a44a1a874d651a2e853ed354b6e822f3b7487751465d5c2b"},
]

[package.extras]
aiohttp = ["aiohttp"]
django = ["django"]
twisted = ["twisted"]

[[package]]
name = "starlette"
version = "1.6.0"
description = "The little ASGI library that shines."
optional = false
python-versions = ">=3.10"
groups = ["main"]
files = [
    {file = "starlette-1.6.0-py3-none-any.whl", hash = "sha256:a86dd39d14bb45f85a3d18525215a9ef0cfd1f192ac793220e72598c90335f0c"},
    {file = "starlette-1.6.0.tar.gz", hash = "sha256:d4e3ac5e546444960c710297a3c9fc3f7ebae1b7e963f3d36173b49da535be9b"},
]

[package.dependencies]
anyio = ">=3.6.2,<5"

[package.extras]
full = ["httpx (>=0.27.0,<0.29.0)", "httpx2 (>=2.0.0)", "itsdangerous", "jinja2", "python-multipart (>=0.0.18)", "pyyaml"]

[[package]]
name = "structlog"
version = "26.1.0"
description = "Structured Logging for Python"
optional = false
python-versions = ">=3.10"
groups = ["main"]
files = [
    {file = "structlog-26.1.0-py3-none-any.whl", hash = "sha256:e081a26d6c373e6d201eca24eede26d8ffab07f88f477822e679183428d3d91e"},
    {file = "structlog-26.1.0.tar.gz", hash = "sha256:f63a716cbd1b1291cf7661de7794b455acfa4c43c5bcf1630e6ad5ddc1adb3b7"},
]

[metadata]
lock-version = "2.1"
python-versions = ">=3.13"
content-hash = "87e9d918be4f3c5bdb2515d0f015be748dc5f35bc5765caabca2dc1d95af6b79"
